{
  "requires": true,
  "lockfileVersion": 1,
  "dependencies": {
    "@sentry/browser": {
      "version": "6.3.5",
      "resolved": "https://registry.npmjs.org/@sentry/browser/-/browser-6.3.5.tgz",
      "integrity": "sha512-fjkhPR5gLCGVWhbWjEoN64hnmTvfTLRCgWmYTc9SiGchWFoFEmLqZyF2uJFyt27+qamLQ9fN58nnv4Ly2yyxqg==",
      "requires": {
        "@sentry/core": "6.3.5",
        "@sentry/types": "6.3.5",
        "@sentry/utils": "6.3.5",
        "tslib": "^1.9.3"
      }
    },
    "@sentry/core": {
      "version": "6.3.5",
      "resolved": "https://registry.npmjs.org/@sentry/core/-/core-6.3.5.tgz",
      "integrity": "sha512-VR2ibDy33mryD0mT6d9fGhKjdNzS2FSwwZPe9GvmNOjkyjly/oV91BKVoYJneCqOeq8fyj2lvkJGKuupdJNDqg==",
      "requires": {
        "@sentry/hub": "6.3.5",
        "@sentry/minimal": "6.3.5",
        "@sentry/types": "6.3.5",
        "@sentry/utils": "6.3.5",
        "tslib": "^1.9.3"
      }
    },
    "@sentry/hub": {
      "version": "6.3.5",
      "resolved": "https://registry.npmjs.org/@sentry/hub/-/hub-6.3.5.tgz",
      "integrity": "sha512-ZYFo7VYKwdPVjuV9BDFiYn+MpANn6eZMz5QDBfZ2dugIvIVbuOyOOLx8PSa3ZXJoVTZZ7s2wD2fi/ZxKjNjZOQ==",
      "requires": {
        "@sentry/types": "6.3.5",
        "@sentry/utils": "6.3.5",
        "tslib": "^1.9.3"
      }
    },
    "@sentry/minimal": {
      "version": "6.3.5",
      "resolved": "https://registry.npmjs.org/@sentry/minimal/-/minimal-6.3.5.tgz",
      "integrity": "sha512-4RqIGAU0+8iI/1sw0GYPTr4SUA88/i2+JPjFJ+qloh5ANVaNwhFPRChw+Ys9xpre8LV9JZrEsEf8AvQr4fkNbA==",
      "requires": {
        "@sentry/hub": "6.3.5",
        "@sentry/types": "6.3.5",
        "tslib": "^1.9.3"
      }
    },
    "@sentry/react": {
      "version": "6.3.5",
      "resolved": "https://registry.npmjs.org/@sentry/react/-/react-6.3.5.tgz",
      "integrity": "sha512-BBxZeUBVOaDYGgoXi51Kocm9VQ2sIsftECh77m/3bZHBKOJDwpC+aoGI47vCtvWqzhL+6f2Zn1wNi1UhDqu7Aw==",
      "requires": {
        "@sentry/browser": "6.3.5",
        "@sentry/minimal": "6.3.5",
        "@sentry/types": "6.3.5",
        "@sentry/utils": "6.3.5",
        "hoist-non-react-statics": "^3.3.2",
        "tslib": "^1.9.3"
      }
    },
    "@sentry/types": {
      "version": "6.3.5",
      "resolved": "https://registry.npmjs.org/@sentry/types/-/types-6.3.5.tgz",
      "integrity": "sha512-tY/3pkAmGYJ3F0BtwInsdt/uclNvF8aNG7XHsTPQNzk7BkNVWjCXx0sjxi6CILirl5nwNxYxVeTr2ZYAEZ/dSQ=="
    },
    "@sentry/utils": {
      "version": "6.3.5",
      "resolved": "https://registry.npmjs.org/@sentry/utils/-/utils-6.3.5.tgz",
      "integrity": "sha512-kHUcZ37QYlNzz7c9LVdApITXHaNmQK7+sw/If3M/qpff1fd5XoecA8laLfcYuz+Cw5mRhVmdhPcCRM3Xi1IGXg==",
      "requires": {
        "@sentry/types": "6.3.5",
        "tslib": "^1.9.3"
      }
    },
    "hoist-non-react-statics": {
      "version": "3.3.2",
      "resolved": "https://registry.npmjs.org/hoist-non-react-statics/-/hoist-non-react-statics-3.3.2.tgz",
      "integrity": "sha512-/gGivxi8JPKWNm/W0jSmzcMPpfpPLc3dY/6GxhX2hQ9iGj3aDfklV4ET7NjKpSinLpJ5vafa9iiGIEZg10SfBw==",
      "requires": {
        "react-is": "^16.7.0"
      }
    },
    "react-is": {
      "version": "16.13.1",
      "resolved": "https://registry.npmjs.org/react-is/-/react-is-16.13.1.tgz",
      "integrity": "sha512-24e6ynE2H+OKt4kqsOvNd8kBpV65zoxbA4BVsEOB3ARVWQki/DHzaUoC5KuON/BiccDaCCTZBuOcfZs70kR8bQ=="
    },
    "tslib": {
      "version": "1.14.1",
      "resolved": "https://registry.npmjs.org/tslib/-/tslib-1.14.1.tgz",
      "integrity": "sha512-Xni35NKzjgMrwevysHTCArtLDpPvye8zV/0E4EyYn43P7/7qvQwPh9BGkHewbMulVntbigmcT7rdX3BNo9wRJg=="
    }
  }
}
